
Microsoft Visual Studio Solution File, Format Version 12.00
# Visual Studio 2012
Project("{FAE04EC0-301F-11D3-BF4B-00C04F79EFBC}") = "LAM", "LAM\LAM.csproj", "{B6B78D35-FF51-466D-BBE6-AF54AEE3910D}"
EndProject
Global
	GlobalSection(SolutionConfigurationPlatforms) = preSolution
		Debug|Any CPU = Debug|Any CPU
		Release|Any CPU = Release|Any CPU
	EndGlobalSection
	GlobalSection(ProjectConfigurationPlatforms) = postSolution
		{B6B78D35-FF51-466D-BBE6-AF54AEE3910D}.Debug|Any CPU.ActiveCfg = Debug|Any CPU
		{B6B78D35-FF51-466D-BBE6-AF54AEE3910D}.Debug|Any CPU.Build.0 = Debug|Any CPU
		{B6B78D35-FF51-466D-BBE6-AF54AEE3910D}.Release|Any CPU.ActiveCfg = Release|Any CPU
		{B6B78D35-FF51-466D-BBE6-AF54AEE3910D}.Release|Any CPU.Build.0 = Release|Any CPU
	EndGlobalSection
	GlobalSection(SolutionProperties) = preSolution
		HideSolutionNode = FALSE
	EndGlobalSection
EndGlobal
